// !$*UTF8*$!
{
	archiveVersion = 1;
	classes = {
	};
	objectVersion = 56;
	objects = {

/* Begin PBXBuildFile section */
		8E06786D296DFBC700E71A2B /* BoosterSetUIIntegrationTests.swift in Sources */ = {isa = PBXBuildFile; fileRef = 8E06786C296DFBC700E71A2B /* BoosterSetUIIntegrationTests.swift */; };
		8E067870296DFD7700E71A2B /* BoosterSetUIIntegrationTests+LoaderSpy.swift in Sources */ = {isa = PBXBuildFile; fileRef = 8E06786F296DFD7700E71A2B /* BoosterSetUIIntegrationTests+LoaderSpy.swift */; };
		8E067872296E01DF00E71A2B /* SharedTestHelpers.swift in Sources */ = {isa = PBXBuildFile; fileRef = 8E067871296E01DF00E71A2B /* SharedTestHelpers.swift */; };
		8E067874296E024C00E71A2B /* XCTestCase+MemoryLeakTracking.swift in Sources */ = {isa = PBXBuildFile; fileRef = 8E067873296E024C00E71A2B /* XCTestCase+MemoryLeakTracking.swift */; };
		8E067876296E069000E71A2B /* ListViewController+TestHelpers.swift in Sources */ = {isa = PBXBuildFile; fileRef = 8E067875296E069000E71A2B /* ListViewController+TestHelpers.swift */; };
		8E067878296E09CD00E71A2B /* UIRefreshControl+TestHelpers.swift in Sources */ = {isa = PBXBuildFile; fileRef = 8E067877296E09CD00E71A2B /* UIRefreshControl+TestHelpers.swift */; };
		8E06787A296E09EA00E71A2B /* UIControl+TestHelpers.swift in Sources */ = {isa = PBXBuildFile; fileRef = 8E067879296E09EA00E71A2B /* UIControl+TestHelpers.swift */; };
		8E06787C296E10DD00E71A2B /* BoosterSetUIIntegrationTests+Assertions.swift in Sources */ = {isa = PBXBuildFile; fileRef = 8E06787B296E10DD00E71A2B /* BoosterSetUIIntegrationTests+Assertions.swift */; };
		8E06787E296E11EC00E71A2B /* UIView+LayoutCycle.swift in Sources */ = {isa = PBXBuildFile; fileRef = 8E06787D296E11EC00E71A2B /* UIView+LayoutCycle.swift */; };
		8E067882296E143900E71A2B /* BoosterSetCell+TestHelpers.swift in Sources */ = {isa = PBXBuildFile; fileRef = 8E067881296E143900E71A2B /* BoosterSetCell+TestHelpers.swift */; };
		8E067884296E1EA600E71A2B /* UIButton+TestHelpers.swift in Sources */ = {isa = PBXBuildFile; fileRef = 8E067883296E1EA600E71A2B /* UIButton+TestHelpers.swift */; };
		8E067886296E326F00E71A2B /* UIImage+TestHelpers.swift in Sources */ = {isa = PBXBuildFile; fileRef = 8E067885296E326F00E71A2B /* UIImage+TestHelpers.swift */; };
		8E06788A296E36EB00E71A2B /* CardUIIntegrationTests.swift in Sources */ = {isa = PBXBuildFile; fileRef = 8E067889296E36EB00E71A2B /* CardUIIntegrationTests.swift */; };
		8E06788C296E388500E71A2B /* CardUIIntegrationTests+LoaderSpy.swift in Sources */ = {isa = PBXBuildFile; fileRef = 8E06788B296E388500E71A2B /* CardUIIntegrationTests+LoaderSpy.swift */; };
		8E06788E296EAD2400E71A2B /* CollectionListViewController+Helpers.swift in Sources */ = {isa = PBXBuildFile; fileRef = 8E06788D296EAD2300E71A2B /* CollectionListViewController+Helpers.swift */; };
		8E067890296ECA3000E71A2B /* CardUIIntegrationTests+Assertions.swift in Sources */ = {isa = PBXBuildFile; fileRef = 8E06788F296ECA3000E71A2B /* CardUIIntegrationTests+Assertions.swift */; };
		8E0678BD2970DF8000E71A2B /* HTTPClientStub.swift in Sources */ = {isa = PBXBuildFile; fileRef = 8E0678BC2970DF8000E71A2B /* HTTPClientStub.swift */; };
		8E0678BF2970DFEF00E71A2B /* BoosterSetAcceptanceTests.swift in Sources */ = {isa = PBXBuildFile; fileRef = 8E0678BE2970DFEF00E71A2B /* BoosterSetAcceptanceTests.swift */; };
		8E0678C12970E3F700E71A2B /* InMemoryBoosterSetStore.swift in Sources */ = {isa = PBXBuildFile; fileRef = 8E0678C02970E3F700E71A2B /* InMemoryBoosterSetStore.swift */; };
		8E2C0D612974CA560079329F /* Paginated+Helpers.swift in Sources */ = {isa = PBXBuildFile; fileRef = 8E2C0D602974CA560079329F /* Paginated+Helpers.swift */; };
		8E3053A3297AE5A40046EFEC /* ImageLoaderSpy.swift in Sources */ = {isa = PBXBuildFile; fileRef = 8E3053A2297AE5A40046EFEC /* ImageLoaderSpy.swift */; };
		8E56CE8429679BD000FFCD15 /* CardListUIComposer.swift in Sources */ = {isa = PBXBuildFile; fileRef = 8E56CE8329679BD000FFCD15 /* CardListUIComposer.swift */; };
		8EA9B9C02964EA84005E6080 /* AppDelegate.swift in Sources */ = {isa = PBXBuildFile; fileRef = 8EA9B9BF2964EA84005E6080 /* AppDelegate.swift */; };
		8EA9B9C22964EA84005E6080 /* SceneDelegate.swift in Sources */ = {isa = PBXBuildFile; fileRef = 8EA9B9C12964EA84005E6080 /* SceneDelegate.swift */; };
		8EA9B9C92964EA86005E6080 /* Assets.xcassets in Resources */ = {isa = PBXBuildFile; fileRef = 8EA9B9C82964EA86005E6080 /* Assets.xcassets */; };
		8EA9B9CC2964EA86005E6080 /* LaunchScreen.storyboard in Resources */ = {isa = PBXBuildFile; fileRef = 8EA9B9CA2964EA86005E6080 /* LaunchScreen.storyboard */; };
		8EA9B9D72964EA86005E6080 /* SceneDelegateTests.swift in Sources */ = {isa = PBXBuildFile; fileRef = 8EA9B9D62964EA86005E6080 /* SceneDelegateTests.swift */; };
		8EA9B9F22964EB1C005E6080 /* PokemonFeed.framework in Frameworks */ = {isa = PBXBuildFile; fileRef = 8EA9B9F02964EB1C005E6080 /* PokemonFeed.framework */; };
		8EA9B9F32964EB1C005E6080 /* PokemonFeed.framework in Embed Frameworks */ = {isa = PBXBuildFile; fileRef = 8EA9B9F02964EB1C005E6080 /* PokemonFeed.framework */; settings = {ATTRIBUTES = (CodeSignOnCopy, RemoveHeadersOnCopy, ); }; };
		8EA9B9F42964EB1C005E6080 /* PokemoniOS.framework in Frameworks */ = {isa = PBXBuildFile; fileRef = 8EA9B9F12964EB1C005E6080 /* PokemoniOS.framework */; };
		8EA9B9F52964EB1C005E6080 /* PokemoniOS.framework in Embed Frameworks */ = {isa = PBXBuildFile; fileRef = 8EA9B9F12964EB1C005E6080 /* PokemoniOS.framework */; settings = {ATTRIBUTES = (CodeSignOnCopy, RemoveHeadersOnCopy, ); }; };
		8EBEA6962964F0B8000F1FC8 /* BoosterSetsUIComposer.swift in Sources */ = {isa = PBXBuildFile; fileRef = 8EBEA6952964F0B8000F1FC8 /* BoosterSetsUIComposer.swift */; };
		8EBEA69A2964F143000F1FC8 /* WeakRefVirtualProxy.swift in Sources */ = {isa = PBXBuildFile; fileRef = 8EBEA6992964F143000F1FC8 /* WeakRefVirtualProxy.swift */; };
		8EBEA69C2964F1F9000F1FC8 /* LoadResourcePresentationAdapter.swift in Sources */ = {isa = PBXBuildFile; fileRef = 8EBEA69B2964F1F9000F1FC8 /* LoadResourcePresentationAdapter.swift */; };
		8EBEA69E2964F23D000F1FC8 /* Combine+Helpers.swift in Sources */ = {isa = PBXBuildFile; fileRef = 8EBEA69D2964F23D000F1FC8 /* Combine+Helpers.swift */; };
		8EE2F3822991B766009080EC /* DeckUIComposer.swift in Sources */ = {isa = PBXBuildFile; fileRef = 8EE2F3812991B766009080EC /* DeckUIComposer.swift */; };
		8EE3DDB02981A33C00DBF2C0 /* CardDetailUIComposer.swift in Sources */ = {isa = PBXBuildFile; fileRef = 8EE3DDAF2981A33C00DBF2C0 /* CardDetailUIComposer.swift */; };
		8EE3DDB72981F51A00DBF2C0 /* CardListViewAdapter.swift in Sources */ = {isa = PBXBuildFile; fileRef = 8EE3DDB62981F51A00DBF2C0 /* CardListViewAdapter.swift */; };
		8EE3DDB929829B8900DBF2C0 /* Search+Helpers.swift in Sources */ = {isa = PBXBuildFile; fileRef = 8EE3DDB829829B8900DBF2C0 /* Search+Helpers.swift */; };
		8EFE7BAF296B8CB4003AF320 /* DispatchQueue+Helpers.swift in Sources */ = {isa = PBXBuildFile; fileRef = 8EFE7BAE296B8CB4003AF320 /* DispatchQueue+Helpers.swift */; };
		A91F0CA4299BEBDA0090FDAE /* DeckNewUIComposer.swift in Sources */ = {isa = PBXBuildFile; fileRef = A91F0CA3299BEBDA0090FDAE /* DeckNewUIComposer.swift */; };
/* End PBXBuildFile section */

/* Begin PBXContainerItemProxy section */
		8EA9B9D32964EA86005E6080 /* PBXContainerItemProxy */ = {
			isa = PBXContainerItemProxy;
			containerPortal = 8EA9B9B42964EA83005E6080 /* Project object */;
			proxyType = 1;
			remoteGlobalIDString = 8EA9B9BB2964EA84005E6080;
			remoteInfo = PokemonTCG;
		};
/* End PBXContainerItemProxy section */

/* Begin PBXCopyFilesBuildPhase section */
		8EA9B9F62964EB1C005E6080 /* Embed Frameworks */ = {
			isa = PBXCopyFilesBuildPhase;
			buildActionMask = 2147483647;
			dstPath = "";
			dstSubfolderSpec = 10;
			files = (
				8EA9B9F52964EB1C005E6080 /* PokemoniOS.framework in Embed Frameworks */,
				8EA9B9F32964EB1C005E6080 /* PokemonFeed.framework in Embed Frameworks */,
			);
			name = "Embed Frameworks";
			runOnlyForDeploymentPostprocessing = 0;
		};
/* End PBXCopyFilesBuildPhase section */

/* Begin PBXFileReference section */
		8E06786C296DFBC700E71A2B /* BoosterSetUIIntegrationTests.swift */ = {isa = PBXFileReference; lastKnownFileType = sourcecode.swift; path = BoosterSetUIIntegrationTests.swift; sourceTree = "<group>"; };
		8E06786F296DFD7700E71A2B /* BoosterSetUIIntegrationTests+LoaderSpy.swift */ = {isa = PBXFileReference; lastKnownFileType = sourcecode.swift; path = "BoosterSetUIIntegrationTests+LoaderSpy.swift"; sourceTree = "<group>"; };
		8E067871296E01DF00E71A2B /* SharedTestHelpers.swift */ = {isa = PBXFileReference; lastKnownFileType = sourcecode.swift; path = SharedTestHelpers.swift; sourceTree = "<group>"; };
		8E067873296E024C00E71A2B /* XCTestCase+MemoryLeakTracking.swift */ = {isa = PBXFileReference; lastKnownFileType = sourcecode.swift; path = "XCTestCase+MemoryLeakTracking.swift"; sourceTree = "<group>"; };
		8E067875296E069000E71A2B /* ListViewController+TestHelpers.swift */ = {isa = PBXFileReference; lastKnownFileType = sourcecode.swift; path = "ListViewController+TestHelpers.swift"; sourceTree = "<group>"; };
		8E067877296E09CD00E71A2B /* UIRefreshControl+TestHelpers.swift */ = {isa = PBXFileReference; lastKnownFileType = sourcecode.swift; path = "UIRefreshControl+TestHelpers.swift"; sourceTree = "<group>"; };
		8E067879296E09EA00E71A2B /* UIControl+TestHelpers.swift */ = {isa = PBXFileReference; lastKnownFileType = sourcecode.swift; path = "UIControl+TestHelpers.swift"; sourceTree = "<group>"; };
		8E06787B296E10DD00E71A2B /* BoosterSetUIIntegrationTests+Assertions.swift */ = {isa = PBXFileReference; lastKnownFileType = sourcecode.swift; path = "BoosterSetUIIntegrationTests+Assertions.swift"; sourceTree = "<group>"; };
		8E06787D296E11EC00E71A2B /* UIView+LayoutCycle.swift */ = {isa = PBXFileReference; lastKnownFileType = sourcecode.swift; path = "UIView+LayoutCycle.swift"; sourceTree = "<group>"; };
		8E067881296E143900E71A2B /* BoosterSetCell+TestHelpers.swift */ = {isa = PBXFileReference; lastKnownFileType = sourcecode.swift; path = "BoosterSetCell+TestHelpers.swift"; sourceTree = "<group>"; };
		8E067883296E1EA600E71A2B /* UIButton+TestHelpers.swift */ = {isa = PBXFileReference; lastKnownFileType = sourcecode.swift; path = "UIButton+TestHelpers.swift"; sourceTree = "<group>"; };
		8E067885296E326F00E71A2B /* UIImage+TestHelpers.swift */ = {isa = PBXFileReference; lastKnownFileType = sourcecode.swift; path = "UIImage+TestHelpers.swift"; sourceTree = "<group>"; };
		8E067889296E36EB00E71A2B /* CardUIIntegrationTests.swift */ = {isa = PBXFileReference; lastKnownFileType = sourcecode.swift; path = CardUIIntegrationTests.swift; sourceTree = "<group>"; };
		8E06788B296E388500E71A2B /* CardUIIntegrationTests+LoaderSpy.swift */ = {isa = PBXFileReference; lastKnownFileType = sourcecode.swift; path = "CardUIIntegrationTests+LoaderSpy.swift"; sourceTree = "<group>"; };
		8E06788D296EAD2300E71A2B /* CollectionListViewController+Helpers.swift */ = {isa = PBXFileReference; lastKnownFileType = sourcecode.swift; path = "CollectionListViewController+Helpers.swift"; sourceTree = "<group>"; };
		8E06788F296ECA3000E71A2B /* CardUIIntegrationTests+Assertions.swift */ = {isa = PBXFileReference; lastKnownFileType = sourcecode.swift; path = "CardUIIntegrationTests+Assertions.swift"; sourceTree = "<group>"; };
		8E0678BC2970DF8000E71A2B /* HTTPClientStub.swift */ = {isa = PBXFileReference; lastKnownFileType = sourcecode.swift; path = HTTPClientStub.swift; sourceTree = "<group>"; };
		8E0678BE2970DFEF00E71A2B /* BoosterSetAcceptanceTests.swift */ = {isa = PBXFileReference; lastKnownFileType = sourcecode.swift; path = BoosterSetAcceptanceTests.swift; sourceTree = "<group>"; };
		8E0678C02970E3F700E71A2B /* InMemoryBoosterSetStore.swift */ = {isa = PBXFileReference; lastKnownFileType = sourcecode.swift; path = InMemoryBoosterSetStore.swift; sourceTree = "<group>"; };
		8E2C0D602974CA560079329F /* Paginated+Helpers.swift */ = {isa = PBXFileReference; lastKnownFileType = sourcecode.swift; path = "Paginated+Helpers.swift"; sourceTree = "<group>"; };
		8E3053A2297AE5A40046EFEC /* ImageLoaderSpy.swift */ = {isa = PBXFileReference; lastKnownFileType = sourcecode.swift; path = ImageLoaderSpy.swift; sourceTree = "<group>"; };
		8E56CE8329679BD000FFCD15 /* CardListUIComposer.swift */ = {isa = PBXFileReference; lastKnownFileType = sourcecode.swift; path = CardListUIComposer.swift; sourceTree = "<group>"; };
		8EA9B9BC2964EA84005E6080 /* PokemonTCG.app */ = {isa = PBXFileReference; explicitFileType = wrapper.application; includeInIndex = 0; path = PokemonTCG.app; sourceTree = BUILT_PRODUCTS_DIR; };
		8EA9B9BF2964EA84005E6080 /* AppDelegate.swift */ = {isa = PBXFileReference; lastKnownFileType = sourcecode.swift; path = AppDelegate.swift; sourceTree = "<group>"; };
		8EA9B9C12964EA84005E6080 /* SceneDelegate.swift */ = {isa = PBXFileReference; lastKnownFileType = sourcecode.swift; path = SceneDelegate.swift; sourceTree = "<group>"; };
		8EA9B9C82964EA86005E6080 /* Assets.xcassets */ = {isa = PBXFileReference; lastKnownFileType = folder.assetcatalog; path = Assets.xcassets; sourceTree = "<group>"; };
		8EA9B9CB2964EA86005E6080 /* Base */ = {isa = PBXFileReference; lastKnownFileType = file.storyboard; name = Base; path = Base.lproj/LaunchScreen.storyboard; sourceTree = "<group>"; };
		8EA9B9CD2964EA86005E6080 /* Info.plist */ = {isa = PBXFileReference; lastKnownFileType = text.plist.xml; path = Info.plist; sourceTree = "<group>"; };
		8EA9B9D22964EA86005E6080 /* PokemonTCGTests.xctest */ = {isa = PBXFileReference; explicitFileType = wrapper.cfbundle; includeInIndex = 0; path = PokemonTCGTests.xctest; sourceTree = BUILT_PRODUCTS_DIR; };
		8EA9B9D62964EA86005E6080 /* SceneDelegateTests.swift */ = {isa = PBXFileReference; lastKnownFileType = sourcecode.swift; path = SceneDelegateTests.swift; sourceTree = "<group>"; };
		8EA9B9F02964EB1C005E6080 /* PokemonFeed.framework */ = {isa = PBXFileReference; explicitFileType = wrapper.framework; path = PokemonFeed.framework; sourceTree = BUILT_PRODUCTS_DIR; };
		8EA9B9F12964EB1C005E6080 /* PokemoniOS.framework */ = {isa = PBXFileReference; explicitFileType = wrapper.framework; path = PokemoniOS.framework; sourceTree = BUILT_PRODUCTS_DIR; };
		8EBEA6952964F0B8000F1FC8 /* BoosterSetsUIComposer.swift */ = {isa = PBXFileReference; lastKnownFileType = sourcecode.swift; path = BoosterSetsUIComposer.swift; sourceTree = "<group>"; };
		8EBEA6992964F143000F1FC8 /* WeakRefVirtualProxy.swift */ = {isa = PBXFileReference; lastKnownFileType = sourcecode.swift; path = WeakRefVirtualProxy.swift; sourceTree = "<group>"; };
		8EBEA69B2964F1F9000F1FC8 /* LoadResourcePresentationAdapter.swift */ = {isa = PBXFileReference; lastKnownFileType = sourcecode.swift; path = LoadResourcePresentationAdapter.swift; sourceTree = "<group>"; };
		8EBEA69D2964F23D000F1FC8 /* Combine+Helpers.swift */ = {isa = PBXFileReference; lastKnownFileType = sourcecode.swift; path = "Combine+Helpers.swift"; sourceTree = "<group>"; };
		8EE2F3812991B766009080EC /* DeckUIComposer.swift */ = {isa = PBXFileReference; lastKnownFileType = sourcecode.swift; path = DeckUIComposer.swift; sourceTree = "<group>"; };
		8EE3DDAF2981A33C00DBF2C0 /* CardDetailUIComposer.swift */ = {isa = PBXFileReference; lastKnownFileType = sourcecode.swift; path = CardDetailUIComposer.swift; sourceTree = "<group>"; };
		8EE3DDB62981F51A00DBF2C0 /* CardListViewAdapter.swift */ = {isa = PBXFileReference; lastKnownFileType = sourcecode.swift; path = CardListViewAdapter.swift; sourceTree = "<group>"; };
		8EE3DDB829829B8900DBF2C0 /* Search+Helpers.swift */ = {isa = PBXFileReference; lastKnownFileType = sourcecode.swift; path = "Search+Helpers.swift"; sourceTree = "<group>"; };
		8EFE7BAE296B8CB4003AF320 /* DispatchQueue+Helpers.swift */ = {isa = PBXFileReference; lastKnownFileType = sourcecode.swift; path = "DispatchQueue+Helpers.swift"; sourceTree = "<group>"; };
		A91F0CA3299BEBDA0090FDAE /* DeckNewUIComposer.swift */ = {isa = PBXFileReference; lastKnownFileType = sourcecode.swift; path = DeckNewUIComposer.swift; sourceTree = "<group>"; };
/* End PBXFileReference section */

/* Begin PBXFrameworksBuildPhase section */
		8EA9B9B92964EA84005E6080 /* Frameworks */ = {
			isa = PBXFrameworksBuildPhase;
			buildActionMask = 2147483647;
			files = (
				8EA9B9F42964EB1C005E6080 /* PokemoniOS.framework in Frameworks */,
				8EA9B9F22964EB1C005E6080 /* PokemonFeed.framework in Frameworks */,
			);
			runOnlyForDeploymentPostprocessing = 0;
		};
		8EA9B9CF2964EA86005E6080 /* Frameworks */ = {
			isa = PBXFrameworksBuildPhase;
			buildActionMask = 2147483647;
			files = (
			);
			runOnlyForDeploymentPostprocessing = 0;
		};
/* End PBXFrameworksBuildPhase section */

/* Begin PBXGroup section */
		8E06786E296DFCCA00E71A2B /* Helpers */ = {
			isa = PBXGroup;
			children = (
				8E067871296E01DF00E71A2B /* SharedTestHelpers.swift */,
				8E067873296E024C00E71A2B /* XCTestCase+MemoryLeakTracking.swift */,
				8E067877296E09CD00E71A2B /* UIRefreshControl+TestHelpers.swift */,
				8E067879296E09EA00E71A2B /* UIControl+TestHelpers.swift */,
				8E06787D296E11EC00E71A2B /* UIView+LayoutCycle.swift */,
				8E067883296E1EA600E71A2B /* UIButton+TestHelpers.swift */,
				8E067885296E326F00E71A2B /* UIImage+TestHelpers.swift */,
				8E3053A2297AE5A40046EFEC /* ImageLoaderSpy.swift */,
			);
			path = Helpers;
			sourceTree = "<group>";
		};
		8E06787F296E13DE00E71A2B /* BoosterSet */ = {
			isa = PBXGroup;
			children = (
				8E067880296E13FE00E71A2B /* Helpers */,
				8E06786C296DFBC700E71A2B /* BoosterSetUIIntegrationTests.swift */,
				8E0678BE2970DFEF00E71A2B /* BoosterSetAcceptanceTests.swift */,
			);
			path = BoosterSet;
			sourceTree = "<group>";
		};
		8E067880296E13FE00E71A2B /* Helpers */ = {
			isa = PBXGroup;
			children = (
				8E067875296E069000E71A2B /* ListViewController+TestHelpers.swift */,
				8E06787B296E10DD00E71A2B /* BoosterSetUIIntegrationTests+Assertions.swift */,
				8E06786F296DFD7700E71A2B /* BoosterSetUIIntegrationTests+LoaderSpy.swift */,
				8E067881296E143900E71A2B /* BoosterSetCell+TestHelpers.swift */,
				8E0678BC2970DF8000E71A2B /* HTTPClientStub.swift */,
				8E0678C02970E3F700E71A2B /* InMemoryBoosterSetStore.swift */,
			);
			path = Helpers;
			sourceTree = "<group>";
		};
		8E067887296E369A00E71A2B /* Card */ = {
			isa = PBXGroup;
			children = (
				8E067888296E36A400E71A2B /* Helpers */,
				8E067889296E36EB00E71A2B /* CardUIIntegrationTests.swift */,
			);
			path = Card;
			sourceTree = "<group>";
		};
		8E067888296E36A400E71A2B /* Helpers */ = {
			isa = PBXGroup;
			children = (
				8E06788B296E388500E71A2B /* CardUIIntegrationTests+LoaderSpy.swift */,
				8E06788D296EAD2300E71A2B /* CollectionListViewController+Helpers.swift */,
				8E06788F296ECA3000E71A2B /* CardUIIntegrationTests+Assertions.swift */,
			);
			path = Helpers;
			sourceTree = "<group>";
		};
		8E56CE8229679BBC00FFCD15 /* CardList */ = {
			isa = PBXGroup;
			children = (
				8E56CE8329679BD000FFCD15 /* CardListUIComposer.swift */,
				8EE3DDB62981F51A00DBF2C0 /* CardListViewAdapter.swift */,
			);
			path = CardList;
			sourceTree = "<group>";
		};
		8EA9B9B32964EA83005E6080 = {
			isa = PBXGroup;
			children = (
				8EA9B9BE2964EA84005E6080 /* PokemonTCG */,
				8EA9B9D52964EA86005E6080 /* PokemonTCGTests */,
				8EA9B9BD2964EA84005E6080 /* Products */,
				8EA9B9EF2964EB1B005E6080 /* Frameworks */,
			);
			sourceTree = "<group>";
		};
		8EA9B9BD2964EA84005E6080 /* Products */ = {
			isa = PBXGroup;
			children = (
				8EA9B9BC2964EA84005E6080 /* PokemonTCG.app */,
				8EA9B9D22964EA86005E6080 /* PokemonTCGTests.xctest */,
			);
			name = Products;
			sourceTree = "<group>";
		};
		8EA9B9BE2964EA84005E6080 /* PokemonTCG */ = {
			isa = PBXGroup;
			children = (
				8EE2F3802991B6C6009080EC /* Deck */,
				8EE3DDAE2981A32900DBF2C0 /* CardDetail */,
				8E56CE8229679BBC00FFCD15 /* CardList */,
				8EBEA6982964F133000F1FC8 /* Helpers */,
				8EBEA6972964F124000F1FC8 /* Shared */,
				8EBEA6942964F097000F1FC8 /* BoosterSets */,
				8EA9B9BF2964EA84005E6080 /* AppDelegate.swift */,
				8EA9B9C12964EA84005E6080 /* SceneDelegate.swift */,
				8EA9B9C82964EA86005E6080 /* Assets.xcassets */,
				8EA9B9CA2964EA86005E6080 /* LaunchScreen.storyboard */,
				8EA9B9CD2964EA86005E6080 /* Info.plist */,
			);
			path = PokemonTCG;
			sourceTree = "<group>";
		};
		8EA9B9D52964EA86005E6080 /* PokemonTCGTests */ = {
			isa = PBXGroup;
			children = (
				8E067887296E369A00E71A2B /* Card */,
				8E06787F296E13DE00E71A2B /* BoosterSet */,
				8E06786E296DFCCA00E71A2B /* Helpers */,
				8EA9B9D62964EA86005E6080 /* SceneDelegateTests.swift */,
			);
			path = PokemonTCGTests;
			sourceTree = "<group>";
		};
		8EA9B9EF2964EB1B005E6080 /* Frameworks */ = {
			isa = PBXGroup;
			children = (
				8EA9B9F02964EB1C005E6080 /* PokemonFeed.framework */,
				8EA9B9F12964EB1C005E6080 /* PokemoniOS.framework */,
			);
			name = Frameworks;
			sourceTree = "<group>";
		};
		8EBEA6942964F097000F1FC8 /* BoosterSets */ = {
			isa = PBXGroup;
			children = (
				8EBEA6952964F0B8000F1FC8 /* BoosterSetsUIComposer.swift */,
			);
			path = BoosterSets;
			sourceTree = "<group>";
		};
		8EBEA6972964F124000F1FC8 /* Shared */ = {
			isa = PBXGroup;
			children = (
				8EBEA6992964F143000F1FC8 /* WeakRefVirtualProxy.swift */,
				8EBEA69B2964F1F9000F1FC8 /* LoadResourcePresentationAdapter.swift */,
			);
			path = Shared;
			sourceTree = "<group>";
		};
		8EBEA6982964F133000F1FC8 /* Helpers */ = {
			isa = PBXGroup;
			children = (
				8EBEA69D2964F23D000F1FC8 /* Combine+Helpers.swift */,
				8EFE7BAE296B8CB4003AF320 /* DispatchQueue+Helpers.swift */,
				8E2C0D602974CA560079329F /* Paginated+Helpers.swift */,
				8EE3DDB829829B8900DBF2C0 /* Search+Helpers.swift */,
			);
			path = Helpers;
			sourceTree = "<group>";
		};
		8EE2F3802991B6C6009080EC /* Deck */ = {
			isa = PBXGroup;
			children = (
				8EE2F3812991B766009080EC /* DeckUIComposer.swift */,
				A91F0CA3299BEBDA0090FDAE /* DeckNewUIComposer.swift */,
			);
			path = Deck;
			sourceTree = "<group>";
		};
		8EE3DDAE2981A32900DBF2C0 /* CardDetail */ = {
			isa = PBXGroup;
			children = (
				8EE3DDAF2981A33C00DBF2C0 /* CardDetailUIComposer.swift */,
			);
			path = CardDetail;
			sourceTree = "<group>";
		};
/* End PBXGroup section */

/* Begin PBXNativeTarget section */
		8EA9B9BB2964EA84005E6080 /* PokemonTCG */ = {
			isa = PBXNativeTarget;
			buildConfigurationList = 8EA9B9E62964EA86005E6080 /* Build configuration list for PBXNativeTarget "PokemonTCG" */;
			buildPhases = (
				8EA9B9B82964EA84005E6080 /* Sources */,
				8EA9B9B92964EA84005E6080 /* Frameworks */,
				8EA9B9BA2964EA84005E6080 /* Resources */,
				8EA9B9F62964EB1C005E6080 /* Embed Frameworks */,
			);
			buildRules = (
			);
			dependencies = (
			);
			name = PokemonTCG;
			productName = PokemonTCG;
			productReference = 8EA9B9BC2964EA84005E6080 /* PokemonTCG.app */;
			productType = "com.apple.product-type.application";
		};
		8EA9B9D12964EA86005E6080 /* PokemonTCGTests */ = {
			isa = PBXNativeTarget;
			buildConfigurationList = 8EA9B9E92964EA86005E6080 /* Build configuration list for PBXNativeTarget "PokemonTCGTests" */;
			buildPhases = (
				8EA9B9CE2964EA86005E6080 /* Sources */,
				8EA9B9CF2964EA86005E6080 /* Frameworks */,
				8EA9B9D02964EA86005E6080 /* Resources */,
			);
			buildRules = (
			);
			dependencies = (
				8EA9B9D42964EA86005E6080 /* PBXTargetDependency */,
			);
			name = PokemonTCGTests;
			productName = PokemonTCGTests;
			productReference = 8EA9B9D22964EA86005E6080 /* PokemonTCGTests.xctest */;
			productType = "com.apple.product-type.bundle.unit-test";
		};
/* End PBXNativeTarget section */

/* Begin PBXProject section */
		8EA9B9B42964EA83005E6080 /* Project object */ = {
			isa = PBXProject;
			attributes = {
				BuildIndependentTargetsInParallel = 1;
				LastSwiftUpdateCheck = 1410;
				LastUpgradeCheck = 1410;
				TargetAttributes = {
					8EA9B9BB2964EA84005E6080 = {
						CreatedOnToolsVersion = 14.1;
					};
					8EA9B9D12964EA86005E6080 = {
						CreatedOnToolsVersion = 14.1;
						TestTargetID = 8EA9B9BB2964EA84005E6080;
					};
				};
			};
			buildConfigurationList = 8EA9B9B72964EA83005E6080 /* Build configuration list for PBXProject "PokemonTCG" */;
			compatibilityVersion = "Xcode 14.0";
			developmentRegion = en;
			hasScannedForEncodings = 0;
			knownRegions = (
				en,
				Base,
			);
			mainGroup = 8EA9B9B32964EA83005E6080;
			productRefGroup = 8EA9B9BD2964EA84005E6080 /* Products */;
			projectDirPath = "";
			projectRoot = "";
			targets = (
				8EA9B9BB2964EA84005E6080 /* PokemonTCG */,
				8EA9B9D12964EA86005E6080 /* PokemonTCGTests */,
			);
		};
/* End PBXProject section */

/* Begin PBXResourcesBuildPhase section */
		8EA9B9BA2964EA84005E6080 /* Resources */ = {
			isa = PBXResourcesBuildPhase;
			buildActionMask = 2147483647;
			files = (
				8EA9B9CC2964EA86005E6080 /* LaunchScreen.storyboard in Resources */,
				8EA9B9C92964EA86005E6080 /* Assets.xcassets in Resources */,
			);
			runOnlyForDeploymentPostprocessing = 0;
		};
		8EA9B9D02964EA86005E6080 /* Resources */ = {
			isa = PBXResourcesBuildPhase;
			buildActionMask = 2147483647;
			files = (
			);
			runOnlyForDeploymentPostprocessing = 0;
		};
/* End PBXResourcesBuildPhase section */

/* Begin PBXSourcesBuildPhase section */
		8EA9B9B82964EA84005E6080 /* Sources */ = {
			isa = PBXSourcesBuildPhase;
			buildActionMask = 2147483647;
			files = (
				8EE3DDB72981F51A00DBF2C0 /* CardListViewAdapter.swift in Sources */,
				8EBEA69C2964F1F9000F1FC8 /* LoadResourcePresentationAdapter.swift in Sources */,
				8E2C0D612974CA560079329F /* Paginated+Helpers.swift in Sources */,
				A91F0CA4299BEBDA0090FDAE /* DeckNewUIComposer.swift in Sources */,
				8EE2F3822991B766009080EC /* DeckUIComposer.swift in Sources */,
				8EFE7BAF296B8CB4003AF320 /* DispatchQueue+Helpers.swift in Sources */,
				8E56CE8429679BD000FFCD15 /* CardListUIComposer.swift in Sources */,
				8EBEA69E2964F23D000F1FC8 /* Combine+Helpers.swift in Sources */,
				8EBEA6962964F0B8000F1FC8 /* BoosterSetsUIComposer.swift in Sources */,
				8EE3DDB929829B8900DBF2C0 /* Search+Helpers.swift in Sources */,
				8EE3DDB02981A33C00DBF2C0 /* CardDetailUIComposer.swift in Sources */,
				8EA9B9C02964EA84005E6080 /* AppDelegate.swift in Sources */,
				8EBEA69A2964F143000F1FC8 /* WeakRefVirtualProxy.swift in Sources */,
				8EA9B9C22964EA84005E6080 /* SceneDelegate.swift in Sources */,
			);
			runOnlyForDeploymentPostprocessing = 0;
		};
		8EA9B9CE2964EA86005E6080 /* Sources */ = {
			isa = PBXSourcesBuildPhase;
			buildActionMask = 2147483647;
			files = (
				8E067890296ECA3000E71A2B /* CardUIIntegrationTests+Assertions.swift in Sources */,
				8E3053A3297AE5A40046EFEC /* ImageLoaderSpy.swift in Sources */,
				8E06787C296E10DD00E71A2B /* BoosterSetUIIntegrationTests+Assertions.swift in Sources */,
				8E067884296E1EA600E71A2B /* UIButton+TestHelpers.swift in Sources */,
				8E067876296E069000E71A2B /* ListViewController+TestHelpers.swift in Sources */,
				8E06788C296E388500E71A2B /* CardUIIntegrationTests+LoaderSpy.swift in Sources */,
				8E067872296E01DF00E71A2B /* SharedTestHelpers.swift in Sources */,
				8E06786D296DFBC700E71A2B /* BoosterSetUIIntegrationTests.swift in Sources */,
				8E067886296E326F00E71A2B /* UIImage+TestHelpers.swift in Sources */,
				8E06788A296E36EB00E71A2B /* CardUIIntegrationTests.swift in Sources */,
				8E06787A296E09EA00E71A2B /* UIControl+TestHelpers.swift in Sources */,
				8E067882296E143900E71A2B /* BoosterSetCell+TestHelpers.swift in Sources */,
				8E06788E296EAD2400E71A2B /* CollectionListViewController+Helpers.swift in Sources */,
				8EA9B9D72964EA86005E6080 /* SceneDelegateTests.swift in Sources */,
				8E0678BF2970DFEF00E71A2B /* BoosterSetAcceptanceTests.swift in Sources */,
				8E067878296E09CD00E71A2B /* UIRefreshControl+TestHelpers.swift in Sources */,
				8E06787E296E11EC00E71A2B /* UIView+LayoutCycle.swift in Sources */,
				8E0678BD2970DF8000E71A2B /* HTTPClientStub.swift in Sources */,
				8E067870296DFD7700E71A2B /* BoosterSetUIIntegrationTests+LoaderSpy.swift in Sources */,
				8E067874296E024C00E71A2B /* XCTestCase+MemoryLeakTracking.swift in Sources */,
				8E0678C12970E3F700E71A2B /* InMemoryBoosterSetStore.swift in Sources */,
			);
			runOnlyForDeploymentPostprocessing = 0;
		};
/* End PBXSourcesBuildPhase section */

/* Begin PBXTargetDependency section */
		8EA9B9D42964EA86005E6080 /* PBXTargetDependency */ = {
			isa = PBXTargetDependency;
			target = 8EA9B9BB2964EA84005E6080 /* PokemonTCG */;
			targetProxy = 8EA9B9D32964EA86005E6080 /* PBXContainerItemProxy */;
		};
/* End PBXTargetDependency section */

/* Begin PBXVariantGroup section */
		8EA9B9CA2964EA86005E6080 /* LaunchScreen.storyboard */ = {
			isa = PBXVariantGroup;
			children = (
				8EA9B9CB2964EA86005E6080 /* Base */,
			);
			name = LaunchScreen.storyboard;
			sourceTree = "<group>";
		};
/* End PBXVariantGroup section */

/* Begin XCBuildConfiguration section */
		8EA9B9E42964EA86005E6080 /* Debug */ = {
			isa = XCBuildConfiguration;
			buildSettings = {
				ALWAYS_SEARCH_USER_PATHS = NO;
				CLANG_ANALYZER_NONNULL = YES;
				CLANG_ANALYZER_NUMBER_OBJECT_CONVERSION = YES_AGGRESSIVE;
				CLANG_CXX_LANGUAGE_STANDARD = "gnu++20";
				CLANG_ENABLE_MODULES = YES;
				CLANG_ENABLE_OBJC_ARC = YES;
				CLANG_ENABLE_OBJC_WEAK = YES;
				CLANG_WARN_BLOCK_CAPTURE_AUTORELEASING = YES;
				CLANG_WARN_BOOL_CONVERSION = YES;
				CLANG_WARN_COMMA = YES;
				CLANG_WARN_CONSTANT_CONVERSION = YES;
				CLANG_WARN_DEPRECATED_OBJC_IMPLEMENTATIONS = YES;
				CLANG_WARN_DIRECT_OBJC_ISA_USAGE = YES_ERROR;
				CLANG_WARN_DOCUMENTATION_COMMENTS = YES;
				CLANG_WARN_EMPTY_BODY = YES;
				CLANG_WARN_ENUM_CONVERSION = YES;
				CLANG_WARN_INFINITE_RECURSION = YES;
				CLANG_WARN_INT_CONVERSION = YES;
				CLANG_WARN_NON_LITERAL_NULL_CONVERSION = YES;
				CLANG_WARN_OBJC_IMPLICIT_RETAIN_SELF = YES;
				CLANG_WARN_OBJC_LITERAL_CONVERSION = YES;
				CLANG_WARN_OBJC_ROOT_CLASS = YES_ERROR;
				CLANG_WARN_QUOTED_INCLUDE_IN_FRAMEWORK_HEADER = YES;
				CLANG_WARN_RANGE_LOOP_ANALYSIS = YES;
				CLANG_WARN_STRICT_PROTOTYPES = YES;
				CLANG_WARN_SUSPICIOUS_MOVE = YES;
				CLANG_WARN_UNGUARDED_AVAILABILITY = YES_AGGRESSIVE;
				CLANG_WARN_UNREACHABLE_CODE = YES;
				CLANG_WARN__DUPLICATE_METHOD_MATCH = YES;
				COPY_PHASE_STRIP = NO;
				DEBUG_INFORMATION_FORMAT = dwarf;
				ENABLE_STRICT_OBJC_MSGSEND = YES;
				ENABLE_TESTABILITY = YES;
				GCC_C_LANGUAGE_STANDARD = gnu11;
				GCC_DYNAMIC_NO_PIC = NO;
				GCC_NO_COMMON_BLOCKS = YES;
				GCC_OPTIMIZATION_LEVEL = 0;
				GCC_PREPROCESSOR_DEFINITIONS = (
					"DEBUG=1",
					"$(inherited)",
				);
				GCC_WARN_64_TO_32_BIT_CONVERSION = YES;
				GCC_WARN_ABOUT_RETURN_TYPE = YES_ERROR;
				GCC_WARN_UNDECLARED_SELECTOR = YES;
				GCC_WARN_UNINITIALIZED_AUTOS = YES_AGGRESSIVE;
				GCC_WARN_UNUSED_FUNCTION = YES;
				GCC_WARN_UNUSED_VARIABLE = YES;
				IPHONEOS_DEPLOYMENT_TARGET = 13.0;
				MTL_ENABLE_DEBUG_INFO = INCLUDE_SOURCE;
				MTL_FAST_MATH = YES;
				ONLY_ACTIVE_ARCH = YES;
				SDKROOT = iphoneos;
				SWIFT_ACTIVE_COMPILATION_CONDITIONS = DEBUG;
				SWIFT_OPTIMIZATION_LEVEL = "-Onone";
			};
			name = Debug;
		};
		8EA9B9E52964EA86005E6080 /* Release */ = {
			isa = XCBuildConfiguration;
			buildSettings = {
				ALWAYS_SEARCH_USER_PATHS = NO;
				CLANG_ANALYZER_NONNULL = YES;
				CLANG_ANALYZER_NUMBER_OBJECT_CONVERSION = YES_AGGRESSIVE;
				CLANG_CXX_LANGUAGE_STANDARD = "gnu++20";
				CLANG_ENABLE_MODULES = YES;
				CLANG_ENABLE_OBJC_ARC = YES;
				CLANG_ENABLE_OBJC_WEAK = YES;
				CLANG_WARN_BLOCK_CAPTURE_AUTORELEASING = YES;
				CLANG_WARN_BOOL_CONVERSION = YES;
				CLANG_WARN_COMMA = YES;
				CLANG_WARN_CONSTANT_CONVERSION = YES;
				CLANG_WARN_DEPRECATED_OBJC_IMPLEMENTATIONS = YES;
				CLANG_WARN_DIRECT_OBJC_ISA_USAGE = YES_ERROR;
				CLANG_WARN_DOCUMENTATION_COMMENTS = YES;
				CLANG_WARN_EMPTY_BODY = YES;
				CLANG_WARN_ENUM_CONVERSION = YES;
				CLANG_WARN_INFINITE_RECURSION = YES;
				CLANG_WARN_INT_CONVERSION = YES;
				CLANG_WARN_NON_LITERAL_NULL_CONVERSION = YES;
				CLANG_WARN_OBJC_IMPLICIT_RETAIN_SELF = YES;
				CLANG_WARN_OBJC_LITERAL_CONVERSION = YES;
				CLANG_WARN_OBJC_ROOT_CLASS = YES_ERROR;
				CLANG_WARN_QUOTED_INCLUDE_IN_FRAMEWORK_HEADER = YES;
				CLANG_WARN_RANGE_LOOP_ANALYSIS = YES;
				CLANG_WARN_STRICT_PROTOTYPES = YES;
				CLANG_WARN_SUSPICIOUS_MOVE = YES;
				CLANG_WARN_UNGUARDED_AVAILABILITY = YES_AGGRESSIVE;
				CLANG_WARN_UNREACHABLE_CODE = YES;
				CLANG_WARN__DUPLICATE_METHOD_MATCH = YES;
				COPY_PHASE_STRIP = NO;
				DEBUG_INFORMATION_FORMAT = "dwarf-with-dsym";
				ENABLE_NS_ASSERTIONS = NO;
				ENABLE_STRICT_OBJC_MSGSEND = YES;
				GCC_C_LANGUAGE_STANDARD = gnu11;
				GCC_NO_COMMON_BLOCKS = YES;
				GCC_WARN_64_TO_32_BIT_CONVERSION = YES;
				GCC_WARN_ABOUT_RETURN_TYPE = YES_ERROR;
				GCC_WARN_UNDECLARED_SELECTOR = YES;
				GCC_WARN_UNINITIALIZED_AUTOS = YES_AGGRESSIVE;
				GCC_WARN_UNUSED_FUNCTION = YES;
				GCC_WARN_UNUSED_VARIABLE = YES;
				IPHONEOS_DEPLOYMENT_TARGET = 13.0;
				MTL_ENABLE_DEBUG_INFO = NO;
				MTL_FAST_MATH = YES;
				SDKROOT = iphoneos;
				SWIFT_COMPILATION_MODE = wholemodule;
				SWIFT_OPTIMIZATION_LEVEL = "-O";
				VALIDATE_PRODUCT = YES;
			};
			name = Release;
		};
		8EA9B9E72964EA86005E6080 /* Debug */ = {
			isa = XCBuildConfiguration;
			buildSettings = {
				ASSETCATALOG_COMPILER_APPICON_NAME = AppIcon;
				ASSETCATALOG_COMPILER_GLOBAL_ACCENT_COLOR_NAME = AccentColor;
				CODE_SIGN_STYLE = Automatic;
				CURRENT_PROJECT_VERSION = 1;
				GENERATE_INFOPLIST_FILE = YES;
				INFOPLIST_FILE = PokemonTCG/Info.plist;
				INFOPLIST_KEY_UIApplicationSupportsIndirectInputEvents = YES;
				INFOPLIST_KEY_UILaunchStoryboardName = LaunchScreen;
				INFOPLIST_KEY_UISupportedInterfaceOrientations_iPad = "UIInterfaceOrientationPortrait UIInterfaceOrientationPortraitUpsideDown UIInterfaceOrientationLandscapeLeft UIInterfaceOrientationLandscapeRight";
				INFOPLIST_KEY_UISupportedInterfaceOrientations_iPhone = "UIInterfaceOrientationPortrait UIInterfaceOrientationLandscapeLeft UIInterfaceOrientationLandscapeRight";
				LD_RUNPATH_SEARCH_PATHS = (
					"$(inherited)",
					"@executable_path/Frameworks",
				);
				MARKETING_VERSION = 1.0;
				PRODUCT_BUNDLE_IDENTIFIER = com.test.PokemonTCG;
				PRODUCT_NAME = "$(TARGET_NAME)";
				SWIFT_EMIT_LOC_STRINGS = YES;
				SWIFT_VERSION = 5.0;
				TARGETED_DEVICE_FAMILY = "1,2";
			};
			name = Debug;
		};
		8EA9B9E82964EA86005E6080 /* Release */ = {
			isa = XCBuildConfiguration;
			buildSettings = {
				ASSETCATALOG_COMPILER_APPICON_NAME = AppIcon;
				ASSETCATALOG_COMPILER_GLOBAL_ACCENT_COLOR_NAME = AccentColor;
				CODE_SIGN_STYLE = Automatic;
				CURRENT_PROJECT_VERSION = 1;
				GENERATE_INFOPLIST_FILE = YES;
				INFOPLIST_FILE = PokemonTCG/Info.plist;
				INFOPLIST_KEY_UIApplicationSupportsIndirectInputEvents = YES;
				INFOPLIST_KEY_UILaunchStoryboardName = LaunchScreen;
				INFOPLIST_KEY_UISupportedInterfaceOrientations_iPad = "UIInterfaceOrientationPortrait UIInterfaceOrientationPortraitUpsideDown UIInterfaceOrientationLandscapeLeft UIInterfaceOrientationLandscapeRight";
				INFOPLIST_KEY_UISupportedInterfaceOrientations_iPhone = "UIInterfaceOrientationPortrait UIInterfaceOrientationLandscapeLeft UIInterfaceOrientationLandscapeRight";
				LD_RUNPATH_SEARCH_PATHS = (
					"$(inherited)",
					"@executable_path/Frameworks",
				);
				MARKETING_VERSION = 1.0;
				PRODUCT_BUNDLE_IDENTIFIER = com.test.PokemonTCG;
				PRODUCT_NAME = "$(TARGET_NAME)";
				SWIFT_EMIT_LOC_STRINGS = YES;
				SWIFT_VERSION = 5.0;
				TARGETED_DEVICE_FAMILY = "1,2";
			};
			name = Release;
		};
		8EA9B9EA2964EA86005E6080 /* Debug */ = {
			isa = XCBuildConfiguration;
			buildSettings = {
				ALWAYS_EMBED_SWIFT_STANDARD_LIBRARIES = YES;
				BUNDLE_LOADER = "$(TEST_HOST)";
				CODE_SIGN_STYLE = Automatic;
				CURRENT_PROJECT_VERSION = 1;
				GENERATE_INFOPLIST_FILE = YES;
				IPHONEOS_DEPLOYMENT_TARGET = 13.0;
				MARKETING_VERSION = 1.0;
				PRODUCT_BUNDLE_IDENTIFIER = com.test.PokemonTCGTests;
				PRODUCT_NAME = "$(TARGET_NAME)";
				SWIFT_EMIT_LOC_STRINGS = NO;
				SWIFT_VERSION = 5.0;
				TARGETED_DEVICE_FAMILY = "1,2";
				TEST_HOST = "$(BUILT_PRODUCTS_DIR)/PokemonTCG.app/$(BUNDLE_EXECUTABLE_FOLDER_PATH)/PokemonTCG";
			};
			name = Debug;
		};
		8EA9B9EB2964EA86005E6080 /* Release */ = {
			isa = XCBuildConfiguration;
			buildSettings = {
				ALWAYS_EMBED_SWIFT_STANDARD_LIBRARIES = YES;
				BUNDLE_LOADER = "$(TEST_HOST)";
				CODE_SIGN_STYLE = Automatic;
				CURRENT_PROJECT_VERSION = 1;
				GENERATE_INFOPLIST_FILE = YES;
				IPHONEOS_DEPLOYMENT_TARGET = 13.0;
				MARKETING_VERSION = 1.0;
				PRODUCT_BUNDLE_IDENTIFIER = com.test.PokemonTCGTests;
				PRODUCT_NAME = "$(TARGET_NAME)";
				SWIFT_EMIT_LOC_STRINGS = NO;
				SWIFT_VERSION = 5.0;
				TARGETED_DEVICE_FAMILY = "1,2";
				TEST_HOST = "$(BUILT_PRODUCTS_DIR)/PokemonTCG.app/$(BUNDLE_EXECUTABLE_FOLDER_PATH)/PokemonTCG";
			};
			name = Release;
		};
/* End XCBuildConfiguration section */

/* Begin XCConfigurationList section */
		8EA9B9B72964EA83005E6080 /* Build configuration list for PBXProject "PokemonTCG" */ = {
			isa = XCConfigurationList;
			buildConfigurations = (
				8EA9B9E42964EA86005E6080 /* Debug */,
				8EA9B9E52964EA86005E6080 /* Release */,
			);
			defaultConfigurationIsVisible = 0;
			defaultConfigurationName = Release;
		};
		8EA9B9E62964EA86005E6080 /* Build configuration list for PBXNativeTarget "PokemonTCG" */ = {
			isa = XCConfigurationList;
			buildConfigurations = (
				8EA9B9E72964EA86005E6080 /* Debug */,
				8EA9B9E82964EA86005E6080 /* Release */,
			);
			defaultConfigurationIsVisible = 0;
			defaultConfigurationName = Release;
		};
		8EA9B9E92964EA86005E6080 /* Build configuration list for PBXNativeTarget "PokemonTCGTests" */ = {
			isa = XCConfigurationList;
			buildConfigurations = (
				8EA9B9EA2964EA86005E6080 /* Debug */,
				8EA9B9EB2964EA86005E6080 /* Release */,
			);
			defaultConfigurationIsVisible = 0;
			defaultConfigurationName = Release;
		};
/* End XCConfigurationList section */
	};
	rootObject = 8EA9B9B42964EA83005E6080 /* Project object */;
}
